
Microsoft Visual Studio Solution File, Format Version 12.00
# Visual Studio 15
VisualStudioVersion = 15.0.33026.149
MinimumVisualStudioVersion = 10.0.40219.1
Project("{FAE04EC0-301F-11D3-BF4B-00C04F79EFBC}") = "Ventas", "Ventas\Ventas.csproj", "{A8D7CC67-29DC-4955-9079-62522F6BE8A3}"
EndProject
Global
	GlobalSection(SolutionConfigurationPlatforms) = preSolution
		Debug|Any CPU = Debug|Any CPU
		Release|Any CPU = Release|Any CPU
	EndGlobalSection
	GlobalSection(ProjectConfigurationPlatforms) = postSolution
		{A8D7CC67-29DC-4955-9079-62522F6BE8A3}.Debug|Any CPU.ActiveCfg = Debug|Any CPU
		{A8D7CC67-29DC-4955-9079-62522F6BE8A3}.Debug|Any CPU.Build.0 = Debug|Any CPU
		{A8D7CC67-29DC-4955-9079-62522F6BE8A3}.Release|Any CPU.ActiveCfg = Release|Any CPU
		{A8D7CC67-29DC-4955-9079-62522F6BE8A3}.Release|Any CPU.Build.0 = Release|Any CPU
	EndGlobalSection
	GlobalSection(SolutionProperties) = preSolution
		HideSolutionNode = FALSE
	EndGlobalSection
	GlobalSection(ExtensibilityGlobals) = postSolution
		SolutionGuid = {70CAA50B-0E29-4D8E-BAA6-642CC881CE09}
	EndGlobalSection
EndGlobal
